// !$*UTF8*$!
{
	archiveVersion = 1;
	classes = {
	};
	objectVersion = 47;
	objects = {

/* Begin PBXBuildFile section */
		8414DA131BA9B54F00108ACB /* main.cpp in Sources */ = {isa = PBXBuildFile; fileRef = 8414DA121BA9B54F00108ACB /* main.cpp */; };
		846DB8A11BB1B10600B2EC08 /* DKTimer.cpp in Sources */ = {isa = PBXBuildFile; fileRef = 846DB89F1BB1B10600B2EC08 /* DKTimer.cpp */; settings = {ASSET_TAGS = (); }; };
/* End PBXBuildFile section */

/* Begin PBXCopyFilesBuildPhase section */
		8414DA0D1BA9B54F00108ACB /* CopyFiles */ = {
			isa = PBXCopyFilesBuildPhase;
			buildActionMask = 2147483647;
			dstPath = /usr/share/man/man1/;
			dstSubfolderSpec = 0;
			files = (
			);
			runOnlyForDeploymentPostprocessing = 1;
		};
/* End PBXCopyFilesBuildPhase section */

/* Begin PBXFileReference section */
		8414DA0F1BA9B54F00108ACB /* AVLOptimize */ = {isa = PBXFileReference; explicitFileType = "compiled.mach-o.executable"; includeInIndex = 0; path = AVLOptimize; sourceTree = BUILT_PRODUCTS_DIR; };
		8414DA121BA9B54F00108ACB /* main.cpp */ = {isa = PBXFileReference; lastKnownFileType = sourcecode.cpp.cpp; path = main.cpp; sourceTree = "<group>"; };
		8414DA191BA9B59300108ACB /* DKAVLTree2.h */ = {isa = PBXFileReference; fileEncoding = 4; lastKnownFileType = sourcecode.c.h; path = DKAVLTree2.h; sourceTree = "<group>"; };
		8414DA1A1BA9B59300108ACB /* DKAVLTree.h */ = {isa = PBXFileReference; fileEncoding = 4; lastKnownFileType = sourcecode.c.h; path = DKAVLTree.h; sourceTree = "<group>"; };
		846DB89F1BB1B10600B2EC08 /* DKTimer.cpp */ = {isa = PBXFileReference; fileEncoding = 4; lastKnownFileType = sourcecode.cpp.cpp; path = DKTimer.cpp; sourceTree = "<group>"; };
		846DB8A01BB1B10600B2EC08 /* DKTimer.h */ = {isa = PBXFileReference; fileEncoding = 4; lastKnownFileType = sourcecode.c.h; path = DKTimer.h; sourceTree = "<group>"; };
		846DB8A21BB1B2D300B2EC08 /* DKFixedSizeAllocator.h */ = {isa = PBXFileReference; fileEncoding = 4; lastKnownFileType = sourcecode.c.h; path = DKFixedSizeAllocator.h; sourceTree = "<group>"; };
/* End PBXFileReference section */

/* Begin PBXFrameworksBuildPhase section */
		8414DA0C1BA9B54F00108ACB /* Frameworks */ = {
			isa = PBXFrameworksBuildPhase;
			buildActionMask = 2147483647;
			files = (
			);
			runOnlyForDeploymentPostprocessing = 0;
		};
/* End PBXFrameworksBuildPhase section */

/* Begin PBXGroup section */
		8414DA061BA9B54F00108ACB = {
			isa = PBXGroup;
			children = (
				8414DA111BA9B54F00108ACB /* AVLOptimize */,
				8414DA101BA9B54F00108ACB /* Products */,
			);
			sourceTree = "<group>";
		};
		8414DA101BA9B54F00108ACB /* Products */ = {
			isa = PBXGroup;
			children = (
				8414DA0F1BA9B54F00108ACB /* AVLOptimize */,
			);
			name = Products;
			sourceTree = "<group>";
		};
		8414DA111BA9B54F00108ACB /* AVLOptimize */ = {
			isa = PBXGroup;
			children = (
				846DB8A21BB1B2D300B2EC08 /* DKFixedSizeAllocator.h */,
				846DB89F1BB1B10600B2EC08 /* DKTimer.cpp */,
				846DB8A01BB1B10600B2EC08 /* DKTimer.h */,
				8414DA191BA9B59300108ACB /* DKAVLTree2.h */,
				8414DA1A1BA9B59300108ACB /* DKAVLTree.h */,
				8414DA121BA9B54F00108ACB /* main.cpp */,
			);
			path = AVLOptimize;
			sourceTree = "<group>";
		};
/* End PBXGroup section */

/* Begin PBXNativeTarget section */
		8414DA0E1BA9B54F00108ACB /* AVLOptimize */ = {
			isa = PBXNativeTarget;
			buildConfigurationList = 8414DA161BA9B54F00108ACB /* Build configuration list for PBXNativeTarget "AVLOptimize" */;
			buildPhases = (
				8414DA0B1BA9B54F00108ACB /* Sources */,
				8414DA0C1BA9B54F00108ACB /* Frameworks */,
				8414DA0D1BA9B54F00108ACB /* CopyFiles */,
			);
			buildRules = (
			);
			dependencies = (
			);
			name = AVLOptimize;
			productName = AVLOptimize;
			productReference = 8414DA0F1BA9B54F00108ACB /* AVLOptimize */;
			productType = "com.apple.product-type.tool";
		};
/* End PBXNativeTarget section */

/* Begin PBXProject section */
		8414DA071BA9B54F00108ACB /* Project object */ = {
			isa = PBXProject;
			attributes = {
				LastUpgradeCheck = 0700;
				ORGANIZATIONNAME = icondb;
				TargetAttributes = {
					8414DA0E1BA9B54F00108ACB = {
						CreatedOnToolsVersion = 6.4;
					};
				};
			};
			buildConfigurationList = 8414DA0A1BA9B54F00108ACB /* Build configuration list for PBXProject "AVLOptimize" */;
			compatibilityVersion = "Xcode 6.3";
			developmentRegion = English;
			hasScannedForEncodings = 0;
			knownRegions = (
				en,
			);
			mainGroup = 8414DA061BA9B54F00108ACB;
			productRefGroup = 8414DA101BA9B54F00108ACB /* Products */;
			projectDirPath = "";
			projectRoot = "";
			targets = (
				8414DA0E1BA9B54F00108ACB /* AVLOptimize */,
			);
		};
/* End PBXProject section */

/* Begin PBXSourcesBuildPhase section */
		8414DA0B1BA9B54F00108ACB /* Sources */ = {
			isa = PBXSourcesBuildPhase;
			buildActionMask = 2147483647;
			files = (
				846DB8A11BB1B10600B2EC08 /* DKTimer.cpp in Sources */,
				8414DA131BA9B54F00108ACB /* main.cpp in Sources */,
			);
			runOnlyForDeploymentPostprocessing = 0;
		};
/* End PBXSourcesBuildPhase section */

/* Begin XCBuildConfiguration section */
		8414DA141BA9B54F00108ACB /* Debug */ = {
			isa = XCBuildConfiguration;
			buildSettings = {
				ALWAYS_SEARCH_USER_PATHS = NO;
				CLANG_CXX_LANGUAGE_STANDARD = "gnu++0x";
				CLANG_CXX_LIBRARY = "libc++";
				CLANG_ENABLE_MODULES = YES;
				CLANG_ENABLE_OBJC_ARC = YES;
				CLANG_WARN_BOOL_CONVERSION = YES;
				CLANG_WARN_CONSTANT_CONVERSION = YES;
				CLANG_WARN_DIRECT_OBJC_ISA_USAGE = YES_ERROR;
				CLANG_WARN_EMPTY_BODY = YES;
				CLANG_WARN_ENUM_CONVERSION = YES;
				CLANG_WARN_INT_CONVERSION = YES;
				CLANG_WARN_OBJC_ROOT_CLASS = YES_ERROR;
				CLANG_WARN_UNREACHABLE_CODE = YES;
				CLANG_WARN__DUPLICATE_METHOD_MATCH = YES;
				COPY_PHASE_STRIP = NO;
				DEBUG_INFORMATION_FORMAT = dwarf;
				ENABLE_STRICT_OBJC_MSGSEND = YES;
				ENABLE_TESTABILITY = YES;
				GCC_C_LANGUAGE_STANDARD = gnu99;
				GCC_DYNAMIC_NO_PIC = NO;
				GCC_NO_COMMON_BLOCKS = YES;
				GCC_OPTIMIZATION_LEVEL = 0;
				GCC_PREPROCESSOR_DEFINITIONS = (
					"DEBUG=1",
					"$(inherited)",
				);
				GCC_SYMBOLS_PRIVATE_EXTERN = NO;
				GCC_WARN_64_TO_32_BIT_CONVERSION = YES;
				GCC_WARN_ABOUT_RETURN_TYPE = YES_ERROR;
				GCC_WARN_UNDECLARED_SELECTOR = YES;
				GCC_WARN_UNINITIALIZED_AUTOS = YES_AGGRESSIVE;
				GCC_WARN_UNUSED_FUNCTION = YES;
				GCC_WARN_UNUSED_VARIABLE = YES;
				MACOSX_DEPLOYMENT_TARGET = 10.10;
				MTL_ENABLE_DEBUG_INFO = YES;
				ONLY_ACTIVE_ARCH = YES;
				SDKROOT = macosx;
			};
			name = Debug;
		};
		8414DA151BA9B54F00108ACB /* Release */ = {
			isa = XCBuildConfiguration;
			buildSettings = {
				ALWAYS_SEARCH_USER_PATHS = NO;
				CLANG_CXX_LANGUAGE_STANDARD = "gnu++0x";
				CLANG_CXX_LIBRARY = "libc++";
				CLANG_ENABLE_MODULES = YES;
				CLANG_ENABLE_OBJC_ARC = YES;
				CLANG_WARN_BOOL_CONVERSION = YES;
				CLANG_WARN_CONSTANT_CONVERSION = YES;
				CLANG_WARN_DIRECT_OBJC_ISA_USAGE = YES_ERROR;
				CLANG_WARN_EMPTY_BODY = YES;
				CLANG_WARN_ENUM_CONVERSION = YES;
				CLANG_WARN_INT_CONVERSION = YES;
				CLANG_WARN_OBJC_ROOT_CLASS = YES_ERROR;
				CLANG_WARN_UNREACHABLE_CODE = YES;
				CLANG_WARN__DUPLICATE_METHOD_MATCH = YES;
				COPY_PHASE_STRIP = NO;
				DEBUG_INFORMATION_FORMAT = "dwarf-with-dsym";
				ENABLE_NS_ASSERTIONS = NO;
				ENABLE_STRICT_OBJC_MSGSEND = YES;
				GCC_C_LANGUAGE_STANDARD = gnu99;
				GCC_NO_COMMON_BLOCKS = YES;
				GCC_WARN_64_TO_32_BIT_CONVERSION = YES;
				GCC_WARN_ABOUT_RETURN_TYPE = YES_ERROR;
				GCC_WARN_UNDECLARED_SELECTOR = YES;
				GCC_WARN_UNINITIALIZED_AUTOS = YES_AGGRESSIVE;
				GCC_WARN_UNUSED_FUNCTION = YES;
				GCC_WARN_UNUSED_VARIABLE = YES;
				MACOSX_DEPLOYMENT_TARGET = 10.10;
				MTL_ENABLE_DEBUG_INFO = NO;
				SDKROOT = macosx;
			};
			name = Release;
		};
		8414DA171BA9B54F00108ACB /* Debug */ = {
			isa = XCBuildConfiguration;
			buildSettings = {
				PRODUCT_NAME = "$(TARGET_NAME)";
			};
			name = Debug;
		};
		8414DA181BA9B54F00108ACB /* Release */ = {
			isa = XCBuildConfiguration;
			buildSettings = {
				PRODUCT_NAME = "$(TARGET_NAME)";
			};
			name = Release;
		};
/* End XCBuildConfiguration section */

/* Begin XCConfigurationList section */
		8414DA0A1BA9B54F00108ACB /* Build configuration list for PBXProject "AVLOptimize" */ = {
			isa = XCConfigurationList;
			buildConfigurations = (
				8414DA141BA9B54F00108ACB /* Debug */,
				8414DA151BA9B54F00108ACB /* Release */,
			);
			defaultConfigurationIsVisible = 0;
			defaultConfigurationName = Release;
		};
		8414DA161BA9B54F00108ACB /* Build configuration list for PBXNativeTarget "AVLOptimize" */ = {
			isa = XCConfigurationList;
			buildConfigurations = (
				8414DA171BA9B54F00108ACB /* Debug */,
				8414DA181BA9B54F00108ACB /* Release */,
			);
			defaultConfigurationIsVisible = 0;
			defaultConfigurationName = Release;
		};
/* End XCConfigurationList section */
	};
	rootObject = 8414DA071BA9B54F00108ACB /* Project object */;
}
